
Microsoft Visual Studio Solution File, Format Version 12.00
# Visual Studio Version 16
VisualStudioVersion = 16.0.30204.135
MinimumVisualStudioVersion = 10.0.40219.1
Project("{FAE04EC0-301F-11D3-BF4B-00C04F79EFBC}") = "HttpSample", "HttpSample.csproj", "{1C1703F0-09DC-4184-AEEC-DC153A57981A}"
EndProject
Global
	GlobalSection(SolutionConfigurationPlatforms) = preSolution
		Debug|Any CPU = Debug|Any CPU
		Release|Any CPU = Release|Any CPU
	EndGlobalSection
	GlobalSection(ProjectConfigurationPlatforms) = postSolution
		{1C1703F0-09DC-4184-AEEC-DC153A57981A}.Debug|Any CPU.ActiveCfg = Debug|Any CPU
		{1C1703F0-09DC-4184-AEEC-DC153A57981A}.Debug|Any CPU.Build.0 = Debug|Any CPU
		{1C1703F0-09DC-4184-AEEC-DC153A57981A}.Release|Any CPU.ActiveCfg = Release|Any CPU
		{1C1703F0-09DC-4184-AEEC-DC153A57981A}.Release|Any CPU.Build.0 = Release|Any CPU
	EndGlobalSection
	GlobalSection(SolutionProperties) = preSolution
		HideSolutionNode = FALSE
	EndGlobalSection
	GlobalSection(ExtensibilityGlobals) = postSolution
		SolutionGuid = {76BA830B-3A69-40D9-95F9-A04C8A06B1B1}
	EndGlobalSection
EndGlobal
