
Microsoft Visual Studio Solution File, Format Version 12.00
# Visual Studio Version 16
VisualStudioVersion = 16.0.30204.135
MinimumVisualStudioVersion = 10.0.40219.1
Project("{FAE04EC0-301F-11D3-BF4B-00C04F79EFBC}") = "LoggingSample", "LoggingSample\LoggingSample.csproj", "{03ADFF18-DE48-405A-B979-07A57DD58451}"
EndProject
Global
	GlobalSection(SolutionConfigurationPlatforms) = preSolution
		Debug|Any CPU = Debug|Any CPU
		Release|Any CPU = Release|Any CPU
	EndGlobalSection
	GlobalSection(ProjectConfigurationPlatforms) = postSolution
		{03ADFF18-DE48-405A-B979-07A57DD58451}.Debug|Any CPU.ActiveCfg = Debug|Any CPU
		{03ADFF18-DE48-405A-B979-07A57DD58451}.Debug|Any CPU.Build.0 = Debug|Any CPU
		{03ADFF18-DE48-405A-B979-07A57DD58451}.Release|Any CPU.ActiveCfg = Release|Any CPU
		{03ADFF18-DE48-405A-B979-07A57DD58451}.Release|Any CPU.Build.0 = Release|Any CPU
	EndGlobalSection
	GlobalSection(SolutionProperties) = preSolution
		HideSolutionNode = FALSE
	EndGlobalSection
	GlobalSection(ExtensibilityGlobals) = postSolution
		SolutionGuid = {1CC4641D-1A29-402B-9F80-AE701504A745}
	EndGlobalSection
EndGlobal
