
Microsoft Visual Studio Solution File, Format Version 12.00
# Visual Studio Version 16
VisualStudioVersion = 16.0.30204.135
MinimumVisualStudioVersion = 10.0.40219.1
Project("{FAE04EC0-301F-11D3-BF4B-00C04F79EFBC}") = "MiddlewareSample", "MiddlewareSample.csproj", "{FF28AE9A-A2BB-4800-903B-8E7B3EE58854}"
EndProject
Global
	GlobalSection(SolutionConfigurationPlatforms) = preSolution
		Debug|Any CPU = Debug|Any CPU
		Release|Any CPU = Release|Any CPU
	EndGlobalSection
	GlobalSection(ProjectConfigurationPlatforms) = postSolution
		{FF28AE9A-A2BB-4800-903B-8E7B3EE58854}.Debug|Any CPU.ActiveCfg = Debug|Any CPU
		{FF28AE9A-A2BB-4800-903B-8E7B3EE58854}.Debug|Any CPU.Build.0 = Debug|Any CPU
		{FF28AE9A-A2BB-4800-903B-8E7B3EE58854}.Release|Any CPU.ActiveCfg = Release|Any CPU
		{FF28AE9A-A2BB-4800-903B-8E7B3EE58854}.Release|Any CPU.Build.0 = Release|Any CPU
	EndGlobalSection
	GlobalSection(SolutionProperties) = preSolution
		HideSolutionNode = FALSE
	EndGlobalSection
	GlobalSection(ExtensibilityGlobals) = postSolution
		SolutionGuid = {DD0E6CAD-1AA7-49AA-B28B-4BCCBF57840C}
	EndGlobalSection
EndGlobal
